# THIS IS AN AUTOGENERATED FILE. DO NOT EDIT THIS FILE DIRECTLY.
# yarn lockfile v1


"@stefanprobst/is-absolute-url@^1.0.0":
  version "1.0.0"
  resolved "https://registry.npmjs.org/@stefanprobst/is-absolute-url/-/is-absolute-url-1.0.0.tgz#85493dacdfd370ceabc51d29bc98aa2ef1de5d0a"
  integrity sha512-J51vyc/a5WJTL4OZShiCwdVtq042/3eAKBDbYEnZi6mssC9Lr43ROIbkCkQ9/ijiDgUGOMlDbswROXtbsqOkPA==

"@stefanprobst/prettier-config@^2.0.0":
  version "2.0.0"
  resolved "https://registry.npmjs.org/@stefanprobst/prettier-config/-/prettier-config-2.0.0.tgz#e5d84fec0288ee69e3fe0337270c531eaf95d8c8"
  integrity sha512-C6kQiq/MJzzaf8iilaK3ovdBrnqUwB5RgoN3isym1puPT1xy47EaW1RWT51GoQ8sW8ugXEy7Ii7gFYdmk0r4/w==

"@types/hast@^2.3.4":
  version "2.3.4"
  resolved "https://registry.npmjs.org/@types/hast/-/hast-2.3.4.tgz#8aa5ef92c117d20d974a82bdfb6a648b08c0bafc"
  integrity sha512-wLEm0QvaoawEDoTRwzTXp4b4jpwiJDvR5KMnFnVodm3scufTlBOWRD6N1OBf9TZMhjlNsSfcO5V+7AF4+Vy+9g==
  dependencies:
    "@types/unist" "*"

"@types/unist@*", "@types/unist@^2.0.0":
  version "2.0.6"
  resolved "https://registry.npmjs.org/@types/unist/-/unist-2.0.6.tgz#250a7b16c3b91f672a24552ec64678eeb1d3a08d"
  integrity sha512-PBjIUxZHOuj0R15/xuwJYjFi+KZdNFrehocChv4g5hu6aFroHue8m0lBP0POdK2nKzbw0cgV1mws8+V/JAcEkQ==

bail@^2.0.0:
  version "2.0.2"
  resolved "https://registry.npmjs.org/bail/-/bail-2.0.2.tgz#d26f5cd8fe5d6f832a31517b9f7c356040ba6d5d"
  integrity sha512-0xO6mYd7JB2YesxDKplafRpsiOzPt9V02ddPCLbY1xYGPOX24NTyN50qnUxgCPcSoYMhKpAuBTjQoRZCAkUDRw==

extend@^3.0.0:
  version "3.0.2"
  resolved "https://registry.npmjs.org/extend/-/extend-3.0.2.tgz#f8b1136b4071fbd8eb140aff858b1019ec2915fa"
  integrity sha512-fjquC59cD7CyW6urNXK0FBufkZcoiGG80wTuPujX590cB5Ttln20E2UB4S/WARVqhXffZl2LNgS+gQdPIIim/g==

is-buffer@^2.0.0:
  version "2.0.5"
  resolved "https://registry.npmjs.org/is-buffer/-/is-buffer-2.0.5.tgz#ebc252e400d22ff8d77fa09888821a24a658c191"
  integrity sha512-i2R6zNFDwgEHJyQUtJEk0XFi1i0dPFn/oqjK3/vPCcDeJvW5NQ83V8QbicfF1SupOaB0h8ntgBC2YiE7dfyctQ==

is-plain-obj@^4.0.0:
  version "4.0.0"
  resolved "https://registry.npmjs.org/is-plain-obj/-/is-plain-obj-4.0.0.tgz#06c0999fd7574edf5a906ba5644ad0feb3a84d22"
  integrity sha512-NXRbBtUdBioI73y/HmOhogw/U5msYPC9DAtGkJXeFcFWSFZw0mCUsPxk/snTuJHzNKA8kLBK4rH97RMB1BfCXw==

prettier@^2.4.1:
  version "2.4.1"
  resolved "https://registry.npmjs.org/prettier/-/prettier-2.4.1.tgz#671e11c89c14a4cfc876ce564106c4a6726c9f5c"
  integrity sha512-9fbDAXSBcc6Bs1mZrDYb3XKzDLm4EXXL9sC1LqKP5rZkT6KRr/rf9amVUcODVXgguK/isJz0d0hP72WeaKWsvA==

trough@^2.0.0:
  version "2.0.2"
  resolved "https://registry.npmjs.org/trough/-/trough-2.0.2.tgz#94a3aa9d5ce379fc561f6244905b3f36b7458d96"
  integrity sha512-FnHq5sTMxC0sk957wHDzRnemFnNBvt/gSY99HzK8F7UP5WAbvP70yX5bd7CjEQkN+TjdxwI7g7lJ6podqrG2/w==

typescript@^4.4.4:
  version "4.5.2"
  resolved "https://registry.npmjs.org/typescript/-/typescript-4.5.2.tgz#8ac1fba9f52256fdb06fb89e4122fa6a346c2998"
  integrity sha512-5BlMof9H1yGt0P8/WF+wPNw6GfctgGjXp5hkblpyT+8rkASSmkUKMXrxR0Xg8ThVCi/JnHQiKXeBaEwCeQwMFw==

unified@^10.1.1:
  version "10.1.1"
  resolved "https://registry.npmjs.org/unified/-/unified-10.1.1.tgz#345e349e3ab353ab612878338eb9d57b4dea1d46"
  integrity sha512-v4ky1+6BN9X3pQrOdkFIPWAaeDsHPE1svRDxq7YpTc2plkIqFMwukfqM+l0ewpP9EfwARlt9pPFAeWYhHm8X9w==
  dependencies:
    "@types/unist" "^2.0.0"
    bail "^2.0.0"
    extend "^3.0.0"
    is-buffer "^2.0.0"
    is-plain-obj "^4.0.0"
    trough "^2.0.0"
    vfile "^5.0.0"

unist-util-is@^5.0.0:
  version "5.1.1"
  resolved "https://registry.npmjs.org/unist-util-is/-/unist-util-is-5.1.1.tgz#e8aece0b102fa9bc097b0fef8f870c496d4a6236"
  integrity sha512-F5CZ68eYzuSvJjGhCLPL3cYx45IxkqXSetCcRgUXtbcm50X2L9oOWQlfUfDdAf+6Pd27YDblBfdtmsThXmwpbQ==

unist-util-stringify-position@^3.0.0:
  version "3.0.0"
  resolved "https://registry.npmjs.org/unist-util-stringify-position/-/unist-util-stringify-position-3.0.0.tgz#d517d2883d74d0daa0b565adc3d10a02b4a8cde9"
  integrity sha512-SdfAl8fsDclywZpfMDTVDxA2V7LjtRDTOFd44wUJamgl6OlVngsqWjxvermMYf60elWHbxhuRCZml7AnuXCaSA==
  dependencies:
    "@types/unist" "^2.0.0"

unist-util-visit-parents@^5.0.0:
  version "5.1.0"
  resolved "https://registry.npmjs.org/unist-util-visit-parents/-/unist-util-visit-parents-5.1.0.tgz#44bbc5d25f2411e7dfc5cecff12de43296aa8521"
  integrity sha512-y+QVLcY5eR/YVpqDsLf/xh9R3Q2Y4HxkZTp7ViLDU6WtJCEcPmRzW1gpdWDCDIqIlhuPDXOgttqPlykrHYDekg==
  dependencies:
    "@types/unist" "^2.0.0"
    unist-util-is "^5.0.0"

unist-util-visit@^4.1.0:
  version "4.1.0"
  resolved "https://registry.npmjs.org/unist-util-visit/-/unist-util-visit-4.1.0.tgz#f41e407a9e94da31594e6b1c9811c51ab0b3d8f5"
  integrity sha512-n7lyhFKJfVZ9MnKtqbsqkQEk5P1KShj0+//V7mAcoI6bpbUjh3C/OG8HVD+pBihfh6Ovl01m8dkcv9HNqYajmQ==
  dependencies:
    "@types/unist" "^2.0.0"
    unist-util-is "^5.0.0"
    unist-util-visit-parents "^5.0.0"

vfile-message@^3.0.0:
  version "3.0.2"
  resolved "https://registry.npmjs.org/vfile-message/-/vfile-message-3.0.2.tgz#db7eaebe7fecb853010f2ef1664427f52baf8f74"
  integrity sha512-UUjZYIOg9lDRwwiBAuezLIsu9KlXntdxwG+nXnjuQAHvBpcX3x0eN8h+I7TkY5nkCXj+cWVp4ZqebtGBvok8ww==
  dependencies:
    "@types/unist" "^2.0.0"
    unist-util-stringify-position "^3.0.0"

vfile@^5.0.0:
  version "5.2.0"
  resolved "https://registry.npmjs.org/vfile/-/vfile-5.2.0.tgz#a32a646ff9251c274dbe8675644a39031025b369"
  integrity sha512-ftCpb6pU8Jrzcqku8zE6N3Gi4/RkDhRwEXSWudzZzA2eEOn/cBpsfk9aulCUR+j1raRSAykYQap9u6j6rhUaCA==
  dependencies:
    "@types/unist" "^2.0.0"
    is-buffer "^2.0.0"
    unist-util-stringify-position "^3.0.0"
    vfile-message "^3.0.0"
